
Microsoft Visual Studio Solution File, Format Version 12.00
# Visual Studio 14
VisualStudioVersion = 14.0.23107.0
MinimumVisualStudioVersion = 10.0.40219.1
Project("{FAE04EC0-301F-11D3-BF4B-00C04F79EFBC}") = "Jeegoordah.Core", "Jeegoordah.Core\Jeegoordah.Core.csproj", "{2844FC03-EB2B-482F-80CE-560FD4D46E2F}"
EndProject
Project("{FAE04EC0-301F-11D3-BF4B-00C04F79EFBC}") = "Jeegoordah.Web", "Jeegoordah.Web\Jeegoordah.Web.csproj", "{B3085B40-DB1D-46F9-A8A6-AD30DB10AC80}"
EndProject
Project("{FAE04EC0-301F-11D3-BF4B-00C04F79EFBC}") = "Jeegoordah.Tests", "Jeegoordah.Tests\Jeegoordah.Tests.csproj", "{3352E63B-AA10-4FC5-8226-A31324C96B22}"
EndProject
Global
	GlobalSection(SolutionConfigurationPlatforms) = preSolution
		Debug|Any CPU = Debug|Any CPU
		Release|Any CPU = Release|Any CPU
	EndGlobalSection
	GlobalSection(ProjectConfigurationPlatforms) = postSolution
		{2844FC03-EB2B-482F-80CE-560FD4D46E2F}.Debug|Any CPU.ActiveCfg = Debug|Any CPU
		{2844FC03-EB2B-482F-80CE-560FD4D46E2F}.Debug|Any CPU.Build.0 = Debug|Any CPU
		{2844FC03-EB2B-482F-80CE-560FD4D46E2F}.Release|Any CPU.ActiveCfg = Release|Any CPU
		{2844FC03-EB2B-482F-80CE-560FD4D46E2F}.Release|Any CPU.Build.0 = Release|Any CPU
		{B3085B40-DB1D-46F9-A8A6-AD30DB10AC80}.Debug|Any CPU.ActiveCfg = Debug|Any CPU
		{B3085B40-DB1D-46F9-A8A6-AD30DB10AC80}.Debug|Any CPU.Build.0 = Debug|Any CPU
		{B3085B40-DB1D-46F9-A8A6-AD30DB10AC80}.Release|Any CPU.ActiveCfg = Release|Any CPU
		{B3085B40-DB1D-46F9-A8A6-AD30DB10AC80}.Release|Any CPU.Build.0 = Release|Any CPU
		{3352E63B-AA10-4FC5-8226-A31324C96B22}.Debug|Any CPU.ActiveCfg = Debug|Any CPU
		{3352E63B-AA10-4FC5-8226-A31324C96B22}.Debug|Any CPU.Build.0 = Debug|Any CPU
		{3352E63B-AA10-4FC5-8226-A31324C96B22}.Release|Any CPU.ActiveCfg = Release|Any CPU
		{3352E63B-AA10-4FC5-8226-A31324C96B22}.Release|Any CPU.Build.0 = Release|Any CPU
	EndGlobalSection
	GlobalSection(SolutionProperties) = preSolution
		HideSolutionNode = FALSE
	EndGlobalSection
EndGlobal
